
Microsoft Visual Studio Solution File, Format Version 12.00
# Visual Studio Version 17
VisualStudioVersion = 17.7.34009.444
MinimumVisualStudioVersion = 10.0.40219.1
Project("{FAE04EC0-301F-11D3-BF4B-00C04F79EFBC}") = "Uygulama_24", "Uygulama_24\Uygulama_24.csproj", "{763CDBFF-57AD-48FD-9389-ABF22A96C414}"
EndProject
Global
	GlobalSection(SolutionConfigurationPlatforms) = preSolution
		Debug|Any CPU = Debug|Any CPU
		Release|Any CPU = Release|Any CPU
	EndGlobalSection
	GlobalSection(ProjectConfigurationPlatforms) = postSolution
		{763CDBFF-57AD-48FD-9389-ABF22A96C414}.Debug|Any CPU.ActiveCfg = Debug|Any CPU
		{763CDBFF-57AD-48FD-9389-ABF22A96C414}.Debug|Any CPU.Build.0 = Debug|Any CPU
		{763CDBFF-57AD-48FD-9389-ABF22A96C414}.Release|Any CPU.ActiveCfg = Release|Any CPU
		{763CDBFF-57AD-48FD-9389-ABF22A96C414}.Release|Any CPU.Build.0 = Release|Any CPU
	EndGlobalSection
	GlobalSection(SolutionProperties) = preSolution
		HideSolutionNode = FALSE
	EndGlobalSection
	GlobalSection(ExtensibilityGlobals) = postSolution
		SolutionGuid = {69BC94F4-59AD-4923-9F90-03401572C228}
	EndGlobalSection
EndGlobal
